
Microsoft Visual Studio Solution File, Format Version 12.00
# Visual Studio 15
Project("{FAE04EC0-301F-11D3-BF4B-00C04F79EFBC}") = "AgileContent2", "AgileContent2\AgileContent2.csproj", "{6AAFF6C6-4974-43AB-9F75-35BCE9D7651F}"
EndProject
Project("{FAE04EC0-301F-11D3-BF4B-00C04F79EFBC}") = "AgileContent2_Test", "AgileContent_Test\AgileContent2_Test.csproj", "{7C2AF6FF-E106-4EE4-9A02-A1EFC2D5B4BB}"
EndProject
Project("{FAE04EC0-301F-11D3-BF4B-00C04F79EFBC}") = "AgileContent1", "AgileContent1\AgileContent1.csproj", "{6F91773F-7F34-4598-86B1-744331CCAB1D}"
EndProject
Global
	GlobalSection(SolutionConfigurationPlatforms) = preSolution
		Debug|x86 = Debug|x86
		Release|x86 = Release|x86
	EndGlobalSection
	GlobalSection(ProjectConfigurationPlatforms) = postSolution
		{6AAFF6C6-4974-43AB-9F75-35BCE9D7651F}.Debug|x86.ActiveCfg = Debug|x86
		{6AAFF6C6-4974-43AB-9F75-35BCE9D7651F}.Debug|x86.Build.0 = Debug|x86
		{6AAFF6C6-4974-43AB-9F75-35BCE9D7651F}.Release|x86.ActiveCfg = Release|x86
		{6AAFF6C6-4974-43AB-9F75-35BCE9D7651F}.Release|x86.Build.0 = Release|x86
		{7C2AF6FF-E106-4EE4-9A02-A1EFC2D5B4BB}.Debug|x86.ActiveCfg = Debug|Any CPU
		{7C2AF6FF-E106-4EE4-9A02-A1EFC2D5B4BB}.Debug|x86.Build.0 = Debug|Any CPU
		{7C2AF6FF-E106-4EE4-9A02-A1EFC2D5B4BB}.Release|x86.ActiveCfg = Release|Any CPU
		{7C2AF6FF-E106-4EE4-9A02-A1EFC2D5B4BB}.Release|x86.Build.0 = Release|Any CPU
		{6F91773F-7F34-4598-86B1-744331CCAB1D}.Debug|x86.ActiveCfg = Debug|x86
		{6F91773F-7F34-4598-86B1-744331CCAB1D}.Debug|x86.Build.0 = Debug|x86
		{6F91773F-7F34-4598-86B1-744331CCAB1D}.Release|x86.ActiveCfg = Release|x86
		{6F91773F-7F34-4598-86B1-744331CCAB1D}.Release|x86.Build.0 = Release|x86
	EndGlobalSection
EndGlobal
